
Microsoft Visual Studio Solution File, Format Version 12.00
# Visual Studio Version 17
VisualStudioVersion = 17.14.36221.1 d17.14
MinimumVisualStudioVersion = 10.0.40219.1
Project("{FAE04EC0-301F-11D3-BF4B-00C04F79EFBC}") = "GestionBanque", "GestionBanque.csproj", "{EDE9C787-0184-43E6-9718-534E846003C9}"
EndProject
Global
	GlobalSection(SolutionConfigurationPlatforms) = preSolution
		Debug|Any CPU = Debug|Any CPU
		Release|Any CPU = Release|Any CPU
	EndGlobalSection
	GlobalSection(ProjectConfigurationPlatforms) = postSolution
		{EDE9C787-0184-43E6-9718-534E846003C9}.Debug|Any CPU.ActiveCfg = Debug|Any CPU
		{EDE9C787-0184-43E6-9718-534E846003C9}.Debug|Any CPU.Build.0 = Debug|Any CPU
		{EDE9C787-0184-43E6-9718-534E846003C9}.Release|Any CPU.ActiveCfg = Release|Any CPU
		{EDE9C787-0184-43E6-9718-534E846003C9}.Release|Any CPU.Build.0 = Release|Any CPU
	EndGlobalSection
	GlobalSection(SolutionProperties) = preSolution
		HideSolutionNode = FALSE
	EndGlobalSection
	GlobalSection(ExtensibilityGlobals) = postSolution
		SolutionGuid = {256AA28A-B6C0-4920-BD58-1A37A9D2F6EB}
	EndGlobalSection
EndGlobal
